<Solution>
  <Folder Name="/sdk/">
    <Project Path="sdk/src/FruityLink.Core/FruityLink.Core.csproj" />
    <Project Path="sdk/src/FruityLink.FlStudio/FruityLink.FlStudio.csproj" />
    <Project Path="sdk/src/FruityLink.Host/FruityLink.Host.csproj" />
    <Project Path="sdk/src/FruityLink.Plugins.Abstractions/FruityLink.Plugins.Abstractions.csproj" />
    <Project Path="sdk/src/FruityLink.Plugins.Host/FruityLink.Plugins.Host.csproj" />
    <Project Path="sdk/src/FruityLink.Plugins.Python/FruityLink.Plugins.Python.csproj" />
    <Project Path="sdk/src/FruityLink.Plugins.PythonIde/FruityLink.Plugins.PythonIde.csproj" />
    <Project Path="sdk/src/FruityLink.Scripting/FruityLink.Scripting.csproj" />
    <Project Path="sdk/src/FruityLink.SessionHost/FruityLink.SessionHost.csproj" />
    <Project Path="sdk/src/FruityLink.Ui.Avalonia.Hosting/FruityLink.Ui.Avalonia.Hosting.csproj" />
    <Project Path="sdk/src/FruityLink.Ui.Wpf.Hosting/FruityLink.Ui.Wpf.Hosting.csproj" />
  </Folder>
  <Folder Name="/samples/">
    <Project Path="sdk/samples/HelloFl/HelloFl.csproj" />
  </Folder>
  <Folder Name="/sdk-tests/">
    <Project Path="sdk/tests/FruityLink.Plugins.PythonIde.Execution.Tests/FruityLink.Plugins.PythonIde.Execution.Tests.csproj" />
    <Project Path="sdk/tests/FruityLink.EmbeddedPython.TestHost/FruityLink.EmbeddedPython.TestHost.csproj" />
    <Project Path="sdk/tests/FruityLink.FlStudio.Tests/FruityLink.FlStudio.Tests.csproj" />
    <Project Path="sdk/tests/FruityLink.Plugins.PythonIde.Ui.Tests/FruityLink.Plugins.PythonIde.Ui.Tests.csproj" />
    <Project Path="sdk/tests/FruityLink.Scripting.Tests/FruityLink.Scripting.Tests.csproj" />
    <Project Path="sdk/tests/FruityLink.Plugins.Python.Tests/FruityLink.Plugins.Python.Tests.csproj" />
    <Project Path="sdk/tests/FruityLink.Hosting.Tests/FruityLink.Hosting.Tests.csproj" />
    <Project Path="sdk/tests/FruityLink.Plugins.Host.Tests/FruityLink.Plugins.Host.Tests.csproj" />
    <Project Path="sdk/tests/FruityLink.Plugins.Host.Tests/Fixture/Fixture.csproj" />
    <Project Path="sdk/tests/FruityLink.Plugins.Host.Tests/Dependency/Dependency.csproj" />
  </Folder>
  <Folder Name="/public-tests/">
    <Project Path="tests/FruityLink.Core.Tests/FruityLink.Core.Tests.csproj" />
    <Project Path="tests/FruityLink.FlStudio.Tests/FruityLink.FlStudio.Tests.csproj" />
  </Folder>
  <Folder Name="/tools/">
    <Project Path="tools/FruityLink.Probe/FruityLink.Probe.csproj" />
    <Project Path="tools/SerumProbe/SerumProbe.csproj" />
  </Folder>
</Solution>
